Microsoft Visual Studio Solution File, Format Version 12.00
# Visual Studio Version 17
VisualStudioVersion = 17.5.2.0
MinimumVisualStudioVersion = 10.0.40219.1
Project("{2150E333-8FDC-42A3-9474-1A3956D46DE8}") = "src", "src", "{827E0CD3-B72D-47B6-A68D-7590B98EB39B}"
EndProject
Project("{2150E333-8FDC-42A3-9474-1A3956D46DE8}") = "tests", "tests", "{0AB3BF05-4346-4AA6-1389-037BE0695223}"
EndProject
Project("{FAE04EC0-301F-11D3-BF4B-00C04F79EFBC}") = "PhotoTransfer", "src\PhotoTransfer\PhotoTransfer.csproj", "{1AED6D9D-540A-F9BF-8950-076E7F11A21F}"
EndProject
Project("{FAE04EC0-301F-11D3-BF4B-00C04F79EFBC}") = "PhotoTransfer.Tests", "tests\PhotoTransfer.Tests\PhotoTransfer.Tests.csproj", "{685CF8EF-69A3-2043-64B6-77126DDA218B}"
EndProject
Global
	GlobalSection(SolutionConfigurationPlatforms) = preSolution
		Debug|Any CPU = Debug|Any CPU
		Release|Any CPU = Release|Any CPU
	EndGlobalSection
	GlobalSection(ProjectConfigurationPlatforms) = postSolution
		{1AED6D9D-540A-F9BF-8950-076E7F11A21F}.Debug|Any CPU.ActiveCfg = Debug|Any CPU
		{1AED6D9D-540A-F9BF-8950-076E7F11A21F}.Debug|Any CPU.Build.0 = Debug|Any CPU
		{1AED6D9D-540A-F9BF-8950-076E7F11A21F}.Release|Any CPU.ActiveCfg = Release|Any CPU
		{1AED6D9D-540A-F9BF-8950-076E7F11A21F}.Release|Any CPU.Build.0 = Release|Any CPU
		{685CF8EF-69A3-2043-64B6-77126DDA218B}.Debug|Any CPU.ActiveCfg = Debug|Any CPU
		{685CF8EF-69A3-2043-64B6-77126DDA218B}.Debug|Any CPU.Build.0 = Debug|Any CPU
		{685CF8EF-69A3-2043-64B6-77126DDA218B}.Release|Any CPU.ActiveCfg = Release|Any CPU
		{685CF8EF-69A3-2043-64B6-77126DDA218B}.Release|Any CPU.Build.0 = Release|Any CPU
	EndGlobalSection
	GlobalSection(SolutionProperties) = preSolution
		HideSolutionNode = FALSE
	EndGlobalSection
	GlobalSection(NestedProjects) = preSolution
		{1AED6D9D-540A-F9BF-8950-076E7F11A21F} = {827E0CD3-B72D-47B6-A68D-7590B98EB39B}
		{685CF8EF-69A3-2043-64B6-77126DDA218B} = {0AB3BF05-4346-4AA6-1389-037BE0695223}
	EndGlobalSection
	GlobalSection(ExtensibilityGlobals) = postSolution
		SolutionGuid = {2BE40992-8B8D-4B30-AE70-4F7C7A8FB3C2}
	EndGlobalSection
EndGlobal
